
Microsoft Visual Studio Solution File, Format Version 12.00
# Visual Studio 14
VisualStudioVersion = 14.0.25420.1
MinimumVisualStudioVersion = 10.0.40219.1
Project("{FAE04EC0-301F-11D3-BF4B-00C04F79EFBC}") = "SearchRequestSimulator", "SearchRequestSimulator\SearchRequestSimulator.csproj", "{0331C87F-0E5C-42BA-B323-BD2FF7B5835F}"
EndProject
Project("{FAE04EC0-301F-11D3-BF4B-00C04F79EFBC}") = "DataIngestionSimulator", "DataIngestionSimulator\DataIngestionSimulator.csproj", "{C171426A-7D98-4B12-8FFC-E4177B44FEA5}"
EndProject
Global
	GlobalSection(SolutionConfigurationPlatforms) = preSolution
		Debug|Any CPU = Debug|Any CPU
		Release|Any CPU = Release|Any CPU
	EndGlobalSection
	GlobalSection(ProjectConfigurationPlatforms) = postSolution
		{0331C87F-0E5C-42BA-B323-BD2FF7B5835F}.Debug|Any CPU.ActiveCfg = Debug|Any CPU
		{0331C87F-0E5C-42BA-B323-BD2FF7B5835F}.Debug|Any CPU.Build.0 = Debug|Any CPU
		{0331C87F-0E5C-42BA-B323-BD2FF7B5835F}.Release|Any CPU.ActiveCfg = Release|Any CPU
		{0331C87F-0E5C-42BA-B323-BD2FF7B5835F}.Release|Any CPU.Build.0 = Release|Any CPU
		{C171426A-7D98-4B12-8FFC-E4177B44FEA5}.Debug|Any CPU.ActiveCfg = Debug|Any CPU
		{C171426A-7D98-4B12-8FFC-E4177B44FEA5}.Debug|Any CPU.Build.0 = Debug|Any CPU
		{C171426A-7D98-4B12-8FFC-E4177B44FEA5}.Release|Any CPU.ActiveCfg = Release|Any CPU
		{C171426A-7D98-4B12-8FFC-E4177B44FEA5}.Release|Any CPU.Build.0 = Release|Any CPU
	EndGlobalSection
	GlobalSection(SolutionProperties) = preSolution
		HideSolutionNode = FALSE
	EndGlobalSection
EndGlobal
